{
  "originHash" : "728f757310c6ec7e3b5250f4ac30869619cf2305ef8d42872547a76bb44c7499",
  "pins" : [
    {
      "identity" : "swift-argument-parser",
      "kind" : "remoteSourceControl",
      "location" : "https://github.com/apple/swift-argument-parser.git",
      "state" : {
        "revision" : "6a52f3251125d74daf04fcbd5e6f08a75d074382",
        "version" : "1.8.2"
      }
    },
    {
      "identity" : "whisperkit",
      "kind" : "remoteSourceControl",
      "location" : "https://github.com/argmaxinc/WhisperKit",
      "state" : {
        "branch" : "main",
        "revision" : "99d0a2fc9e95f5a1d736f4fb04144f9e1b3a4b33"
      }
    }
  ],
  "version" : 3
}
